github.com/axgle/mahonia v0.0.0-20180208002826-3358181d7394 h1:OYA+5W64v3OgClL+IrOD63t4i/RW7RqrAVl9LTZ9UqQ=
github.com/axgle/mahonia v0.0.0-20180208002826-3358181d7394/go.mod h1:Q8n74mJTIgjX4RBBcHnJ05h//6/k6foqmgE45jTQtxg=
github.com/zhuge20100104/kaifang/agedivide v0.0.0-20200615062216-6c48ff4251b5 h1:+ftI7h8ta4/q5kSzdvY/etXpSKwe3oA5lzt/ku9Iu0Q=
github.com/zhuge20100104/kaifang/agedivide v0.0.0-20200615062216-6c48ff4251b5/go.mod h1:JJvtahMMawWgXcwRI0rglnspRopXrybYSEBvu0tQDzk=
